
Microsoft Visual Studio Solution File, Format Version 12.00
# Visual Studio 15
VisualStudioVersion = 15.0.27130.2027
MinimumVisualStudioVersion = 10.0.40219.1
Project("{FAE04EC0-301F-11D3-BF4B-00C04F79EFBC}") = "Scribble", "Scribble\Scribble.csproj", "{B9B7FCEC-745D-4579-8317-00D86E7D33D4}"
EndProject
Global
	GlobalSection(SolutionConfigurationPlatforms) = preSolution
		Debug|Any CPU = Debug|Any CPU
		Release|Any CPU = Release|Any CPU
	EndGlobalSection
	GlobalSection(ProjectConfigurationPlatforms) = postSolution
		{B9B7FCEC-745D-4579-8317-00D86E7D33D4}.Debug|Any CPU.ActiveCfg = Debug|Any CPU
		{B9B7FCEC-745D-4579-8317-00D86E7D33D4}.Debug|Any CPU.Build.0 = Debug|Any CPU
		{B9B7FCEC-745D-4579-8317-00D86E7D33D4}.Release|Any CPU.ActiveCfg = Release|Any CPU
		{B9B7FCEC-745D-4579-8317-00D86E7D33D4}.Release|Any CPU.Build.0 = Release|Any CPU
	EndGlobalSection
	GlobalSection(SolutionProperties) = preSolution
		HideSolutionNode = FALSE
	EndGlobalSection
	GlobalSection(ExtensibilityGlobals) = postSolution
		SolutionGuid = {A64EE269-819F-414A-B721-782C2AF493CA}
	EndGlobalSection
EndGlobal
